
Microsoft Visual Studio Solution File, Format Version 12.00
# Visual Studio 15
VisualStudioVersion = 15.0.27130.2036
MinimumVisualStudioVersion = 10.0.40219.1
Project("{FAE04EC0-301F-11D3-BF4B-00C04F79EFBC}") = "SUIT", "SUIT\SUIT.csproj", "{279D893A-85E6-4DCA-BA12-4D535771A65D}"
EndProject
Project("{FAE04EC0-301F-11D3-BF4B-00C04F79EFBC}") = "SUIT.BE", "SUIT.BE\SUIT.BE.csproj", "{64BD89CD-1AAC-4580-865B-0D0581ABBA77}"
EndProject
Project("{FAE04EC0-301F-11D3-BF4B-00C04F79EFBC}") = "SUIT.BL", "SUIT.BL\SUIT.BL.csproj", "{DF79A3B0-AC3A-4D6A-A461-2986468FDFA2}"
EndProject
Project("{FAE04EC0-301F-11D3-BF4B-00C04F79EFBC}") = "SUIT.DA", "SUIT.DA\SUIT.DA.csproj", "{221F5F0A-708E-44CE-A3BF-0A3A4E74064F}"
EndProject
Project("{FAE04EC0-301F-11D3-BF4B-00C04F79EFBC}") = "SUIT.Pago.BE", "SUIT.Pago.BE\SUIT.Pago.BE.csproj", "{C70AF113-2DCC-4195-99A9-8220AF83F273}"
EndProject
Project("{FAE04EC0-301F-11D3-BF4B-00C04F79EFBC}") = "SUIT.Pago.BL", "SUIT.Pago.BL\SUIT.Pago.BL.csproj", "{E0211D6F-98E0-4BC3-B0F8-C1B4F665C540}"
EndProject
Project("{FAE04EC0-301F-11D3-BF4B-00C04F79EFBC}") = "SUIT.Pago.DA", "SUIT.Pago.DA\SUIT.Pago.DA.csproj", "{3CEED186-23DD-45BA-AE1A-433DA2657D47}"
EndProject
Project("{FAE04EC0-301F-11D3-BF4B-00C04F79EFBC}") = "SUIT.SERVICES.TEST", "SUIT.SERVICES.TEST\SUIT.SERVICES.TEST.csproj", "{54F7F0E8-DC85-4288-8D8D-80B5B46EB43D}"
EndProject
Project("{FAE04EC0-301F-11D3-BF4B-00C04F79EFBC}") = "SUIT.Security", "SUIT.Security\SUIT.Security.csproj", "{FD64B8C1-04DB-43BE-80C1-221AF49701C9}"
EndProject
Global
	GlobalSection(SolutionConfigurationPlatforms) = preSolution
		Debug|Any CPU = Debug|Any CPU
		Release|Any CPU = Release|Any CPU
	EndGlobalSection
	GlobalSection(ProjectConfigurationPlatforms) = postSolution
		{279D893A-85E6-4DCA-BA12-4D535771A65D}.Debug|Any CPU.ActiveCfg = Debug|Any CPU
		{279D893A-85E6-4DCA-BA12-4D535771A65D}.Debug|Any CPU.Build.0 = Debug|Any CPU
		{279D893A-85E6-4DCA-BA12-4D535771A65D}.Release|Any CPU.ActiveCfg = Release|Any CPU
		{279D893A-85E6-4DCA-BA12-4D535771A65D}.Release|Any CPU.Build.0 = Release|Any CPU
		{64BD89CD-1AAC-4580-865B-0D0581ABBA77}.Debug|Any CPU.ActiveCfg = Debug|Any CPU
		{64BD89CD-1AAC-4580-865B-0D0581ABBA77}.Debug|Any CPU.Build.0 = Debug|Any CPU
		{64BD89CD-1AAC-4580-865B-0D0581ABBA77}.Release|Any CPU.ActiveCfg = Release|Any CPU
		{64BD89CD-1AAC-4580-865B-0D0581ABBA77}.Release|Any CPU.Build.0 = Release|Any CPU
		{DF79A3B0-AC3A-4D6A-A461-2986468FDFA2}.Debug|Any CPU.ActiveCfg = Debug|Any CPU
		{DF79A3B0-AC3A-4D6A-A461-2986468FDFA2}.Debug|Any CPU.Build.0 = Debug|Any CPU
		{DF79A3B0-AC3A-4D6A-A461-2986468FDFA2}.Release|Any CPU.ActiveCfg = Release|Any CPU
		{DF79A3B0-AC3A-4D6A-A461-2986468FDFA2}.Release|Any CPU.Build.0 = Release|Any CPU
		{221F5F0A-708E-44CE-A3BF-0A3A4E74064F}.Debug|Any CPU.ActiveCfg = Debug|Any CPU
		{221F5F0A-708E-44CE-A3BF-0A3A4E74064F}.Debug|Any CPU.Build.0 = Debug|Any CPU
		{221F5F0A-708E-44CE-A3BF-0A3A4E74064F}.Release|Any CPU.ActiveCfg = Release|Any CPU
		{221F5F0A-708E-44CE-A3BF-0A3A4E74064F}.Release|Any CPU.Build.0 = Release|Any CPU
		{C70AF113-2DCC-4195-99A9-8220AF83F273}.Debug|Any CPU.ActiveCfg = Debug|Any CPU
		{C70AF113-2DCC-4195-99A9-8220AF83F273}.Debug|Any CPU.Build.0 = Debug|Any CPU
		{C70AF113-2DCC-4195-99A9-8220AF83F273}.Release|Any CPU.ActiveCfg = Release|Any CPU
		{C70AF113-2DCC-4195-99A9-8220AF83F273}.Release|Any CPU.Build.0 = Release|Any CPU
		{E0211D6F-98E0-4BC3-B0F8-C1B4F665C540}.Debug|Any CPU.ActiveCfg = Debug|Any CPU
		{E0211D6F-98E0-4BC3-B0F8-C1B4F665C540}.Debug|Any CPU.Build.0 = Debug|Any CPU
		{E0211D6F-98E0-4BC3-B0F8-C1B4F665C540}.Release|Any CPU.ActiveCfg = Release|Any CPU
		{E0211D6F-98E0-4BC3-B0F8-C1B4F665C540}.Release|Any CPU.Build.0 = Release|Any CPU
		{3CEED186-23DD-45BA-AE1A-433DA2657D47}.Debug|Any CPU.ActiveCfg = Debug|Any CPU
		{3CEED186-23DD-45BA-AE1A-433DA2657D47}.Debug|Any CPU.Build.0 = Debug|Any CPU
		{3CEED186-23DD-45BA-AE1A-433DA2657D47}.Release|Any CPU.ActiveCfg = Release|Any CPU
		{3CEED186-23DD-45BA-AE1A-433DA2657D47}.Release|Any CPU.Build.0 = Release|Any CPU
		{54F7F0E8-DC85-4288-8D8D-80B5B46EB43D}.Debug|Any CPU.ActiveCfg = Debug|Any CPU
		{54F7F0E8-DC85-4288-8D8D-80B5B46EB43D}.Debug|Any CPU.Build.0 = Debug|Any CPU
		{54F7F0E8-DC85-4288-8D8D-80B5B46EB43D}.Release|Any CPU.ActiveCfg = Release|Any CPU
		{54F7F0E8-DC85-4288-8D8D-80B5B46EB43D}.Release|Any CPU.Build.0 = Release|Any CPU
		{FD64B8C1-04DB-43BE-80C1-221AF49701C9}.Debug|Any CPU.ActiveCfg = Debug|Any CPU
		{FD64B8C1-04DB-43BE-80C1-221AF49701C9}.Debug|Any CPU.Build.0 = Debug|Any CPU
		{FD64B8C1-04DB-43BE-80C1-221AF49701C9}.Release|Any CPU.ActiveCfg = Release|Any CPU
		{FD64B8C1-04DB-43BE-80C1-221AF49701C9}.Release|Any CPU.Build.0 = Release|Any CPU
	EndGlobalSection
	GlobalSection(SolutionProperties) = preSolution
		HideSolutionNode = FALSE
	EndGlobalSection
	GlobalSection(ExtensibilityGlobals) = postSolution
		SolutionGuid = {50B9C6FF-25B6-4717-BBEA-0A139892A351}
	EndGlobalSection
EndGlobal
